
Microsoft Visual Studio Solution File, Format Version 12.00
# Visual Studio Version 17
VisualStudioVersion = 17.1.32228.430
MinimumVisualStudioVersion = 10.0.40219.1
Project("{FAE04EC0-301F-11D3-BF4B-00C04F79EFBC}") = "01-ByteBank", "01-ByteBank\01-ByteBank.csproj", "{912C0820-3955-41AF-890D-737D31441408}"
EndProject
Project("{2150E333-8FDC-42A3-9474-1A3956D46DE8}") = "Solution Items", "Solution Items", "{EFFD30BF-AE57-4C21-8CF9-F65C2868814C}"
EndProject
Project("{FAE04EC0-301F-11D3-BF4B-00C04F79EFBC}") = "02-ByteBank", "02-ByteBank\02-ByteBank.csproj", "{9A9E44A8-0AEA-4512-A61A-8AF739370EC1}"
EndProject
Project("{FAE04EC0-301F-11D3-BF4B-00C04F79EFBC}") = "03-ByteBank", "03-ByteBank\03-ByteBank.csproj", "{D983BCEE-DE19-47A8-B5F5-82B9535AFBBA}"
EndProject
Project("{FAE04EC0-301F-11D3-BF4B-00C04F79EFBC}") = "04-ByteBank", "04-ByteBank\04-ByteBank.csproj", "{3FA8A8B8-1031-40F0-945D-4005E38471F0}"
EndProject
Global
	GlobalSection(SolutionConfigurationPlatforms) = preSolution
		Debug|Any CPU = Debug|Any CPU
		Release|Any CPU = Release|Any CPU
	EndGlobalSection
	GlobalSection(ProjectConfigurationPlatforms) = postSolution
		{912C0820-3955-41AF-890D-737D31441408}.Debug|Any CPU.ActiveCfg = Debug|Any CPU
		{912C0820-3955-41AF-890D-737D31441408}.Debug|Any CPU.Build.0 = Debug|Any CPU
		{912C0820-3955-41AF-890D-737D31441408}.Release|Any CPU.ActiveCfg = Release|Any CPU
		{912C0820-3955-41AF-890D-737D31441408}.Release|Any CPU.Build.0 = Release|Any CPU
		{9A9E44A8-0AEA-4512-A61A-8AF739370EC1}.Debug|Any CPU.ActiveCfg = Debug|Any CPU
		{9A9E44A8-0AEA-4512-A61A-8AF739370EC1}.Debug|Any CPU.Build.0 = Debug|Any CPU
		{9A9E44A8-0AEA-4512-A61A-8AF739370EC1}.Release|Any CPU.ActiveCfg = Release|Any CPU
		{9A9E44A8-0AEA-4512-A61A-8AF739370EC1}.Release|Any CPU.Build.0 = Release|Any CPU
		{D983BCEE-DE19-47A8-B5F5-82B9535AFBBA}.Debug|Any CPU.ActiveCfg = Debug|Any CPU
		{D983BCEE-DE19-47A8-B5F5-82B9535AFBBA}.Debug|Any CPU.Build.0 = Debug|Any CPU
		{D983BCEE-DE19-47A8-B5F5-82B9535AFBBA}.Release|Any CPU.ActiveCfg = Release|Any CPU
		{D983BCEE-DE19-47A8-B5F5-82B9535AFBBA}.Release|Any CPU.Build.0 = Release|Any CPU
		{3FA8A8B8-1031-40F0-945D-4005E38471F0}.Debug|Any CPU.ActiveCfg = Debug|Any CPU
		{3FA8A8B8-1031-40F0-945D-4005E38471F0}.Debug|Any CPU.Build.0 = Debug|Any CPU
		{3FA8A8B8-1031-40F0-945D-4005E38471F0}.Release|Any CPU.ActiveCfg = Release|Any CPU
		{3FA8A8B8-1031-40F0-945D-4005E38471F0}.Release|Any CPU.Build.0 = Release|Any CPU
	EndGlobalSection
	GlobalSection(SolutionProperties) = preSolution
		HideSolutionNode = FALSE
	EndGlobalSection
	GlobalSection(ExtensibilityGlobals) = postSolution
		SolutionGuid = {2DE50EEA-DC28-4912-BD94-68DDD5E0708F}
	EndGlobalSection
EndGlobal
